
Microsoft Visual Studio Solution File, Format Version 12.00
# Visual Studio Version 16
VisualStudioVersion = 16.0.29613.14
MinimumVisualStudioVersion = 10.0.40219.1
Project("{888888A0-9F3D-457C-B088-3A5042F75D52}") = "Sentdex_Sockets", "Sentdex_Sockets.pyproj", "{172EC20C-9185-4867-948E-ED2EA051D491}"
EndProject
Global
	GlobalSection(SolutionConfigurationPlatforms) = preSolution
		Debug|Any CPU = Debug|Any CPU
		Release|Any CPU = Release|Any CPU
	EndGlobalSection
	GlobalSection(ProjectConfigurationPlatforms) = postSolution
		{172EC20C-9185-4867-948E-ED2EA051D491}.Debug|Any CPU.ActiveCfg = Debug|Any CPU
		{172EC20C-9185-4867-948E-ED2EA051D491}.Release|Any CPU.ActiveCfg = Release|Any CPU
	EndGlobalSection
	GlobalSection(SolutionProperties) = preSolution
		HideSolutionNode = FALSE
	EndGlobalSection
	GlobalSection(ExtensibilityGlobals) = postSolution
		SolutionGuid = {CCB73218-A912-4747-9103-833137BF2CE6}
	EndGlobalSection
EndGlobal
